
Microsoft Visual Studio Solution File, Format Version 12.00
# Visual Studio Version 18
VisualStudioVersion = 18.6.11602.27
MinimumVisualStudioVersion = 10.0.40219.1
Project("{FAE04EC0-301F-11D3-BF4B-00C04F79EFBC}") = "ExtensibilityMargin", "src\ExtensibilityMargin.csproj", "{A335A527-57AB-451D-B42D-D9555F553E73}"
EndProject
Global
	GlobalSection(SolutionConfigurationPlatforms) = preSolution
		Debug|Any CPU = Debug|Any CPU
		Release|Any CPU = Release|Any CPU
	EndGlobalSection
	GlobalSection(ProjectConfigurationPlatforms) = postSolution
		{A335A527-57AB-451D-B42D-D9555F553E73}.Debug|Any CPU.ActiveCfg = Debug|Any CPU
		{A335A527-57AB-451D-B42D-D9555F553E73}.Debug|Any CPU.Build.0 = Debug|Any CPU
		{A335A527-57AB-451D-B42D-D9555F553E73}.Release|Any CPU.ActiveCfg = Release|Any CPU
		{A335A527-57AB-451D-B42D-D9555F553E73}.Release|Any CPU.Build.0 = Release|Any CPU
	EndGlobalSection
	GlobalSection(SolutionProperties) = preSolution
		HideSolutionNode = FALSE
	EndGlobalSection
	GlobalSection(ExtensibilityGlobals) = postSolution
		SolutionGuid = {01143F9E-C546-48E8-BDE5-A2DA4F950EF5}
	EndGlobalSection
EndGlobal
